
Microsoft Visual Studio Solution File, Format Version 12.00
# Visual Studio Version 17
VisualStudioVersion = 17.10.35013.160
MinimumVisualStudioVersion = 10.0.40219.1
Project("{FAE04EC0-301F-11D3-BF4B-00C04F79EFBC}") = "RESTDemo", "RESTDemo\RESTDemo.csproj", "{68CA79B4-A5BD-4514-A16F-24B9F6A5730F}"
EndProject
Global
	GlobalSection(SolutionConfigurationPlatforms) = preSolution
		Debug|Any CPU = Debug|Any CPU
		Release|Any CPU = Release|Any CPU
	EndGlobalSection
	GlobalSection(ProjectConfigurationPlatforms) = postSolution
		{68CA79B4-A5BD-4514-A16F-24B9F6A5730F}.Debug|Any CPU.ActiveCfg = Debug|Any CPU
		{68CA79B4-A5BD-4514-A16F-24B9F6A5730F}.Debug|Any CPU.Build.0 = Debug|Any CPU
		{68CA79B4-A5BD-4514-A16F-24B9F6A5730F}.Debug|Any CPU.Deploy.0 = Debug|Any CPU
		{68CA79B4-A5BD-4514-A16F-24B9F6A5730F}.Release|Any CPU.ActiveCfg = Release|Any CPU
		{68CA79B4-A5BD-4514-A16F-24B9F6A5730F}.Release|Any CPU.Build.0 = Release|Any CPU
		{68CA79B4-A5BD-4514-A16F-24B9F6A5730F}.Release|Any CPU.Deploy.0 = Release|Any CPU
	EndGlobalSection
	GlobalSection(SolutionProperties) = preSolution
		HideSolutionNode = FALSE
	EndGlobalSection
	GlobalSection(ExtensibilityGlobals) = postSolution
		SolutionGuid = {F329E186-9DB6-4065-A322-3050C006255D}
	EndGlobalSection
EndGlobal
